# This file was autogenerated by Stack.
# You should not edit this file by hand.
# For more information, please see the documentation at:
#   https://docs.haskellstack.org/en/stable/lock_files

packages:
- completed:
    hackage: brick-1.9@sha256:2126c3948123c51c1085228ea4973c150e9d1554666f75e5a12ed61ffbed771e,19501
    pantry-tree:
      sha256: ea6186845fa0e41fe63638c6a193186329bd8f1e2be7347892849f44003c141b
      size: 6829
  original:
    hackage: brick-1.9
snapshots:
- completed:
    sha256: afd5ba64ab602cabc2d3942d3d7e7dd6311bc626dcb415b901eaf576cb62f0ea
    size: 640060
    url: https://raw.githubusercontent.com/commercialhaskell/stackage-snapshots/master/lts/21/22.yaml
  original: lts-21.22
